
Microsoft Visual Studio Solution File, Format Version 12.00
# Visual Studio Version 17
VisualStudioVersion = 17.7.34018.315
MinimumVisualStudioVersion = 10.0.40219.1
Project("{FAE04EC0-301F-11D3-BF4B-00C04F79EFBC}") = "myseconapp", "myseconapp\myseconapp.csproj", "{704C433C-440A-4AA8-BC2C-BAD4562B917D}"
EndProject
Global
	GlobalSection(SolutionConfigurationPlatforms) = preSolution
		Debug|Any CPU = Debug|Any CPU
		Release|Any CPU = Release|Any CPU
	EndGlobalSection
	GlobalSection(ProjectConfigurationPlatforms) = postSolution
		{704C433C-440A-4AA8-BC2C-BAD4562B917D}.Debug|Any CPU.ActiveCfg = Debug|Any CPU
		{704C433C-440A-4AA8-BC2C-BAD4562B917D}.Debug|Any CPU.Build.0 = Debug|Any CPU
		{704C433C-440A-4AA8-BC2C-BAD4562B917D}.Release|Any CPU.ActiveCfg = Release|Any CPU
		{704C433C-440A-4AA8-BC2C-BAD4562B917D}.Release|Any CPU.Build.0 = Release|Any CPU
	EndGlobalSection
	GlobalSection(SolutionProperties) = preSolution
		HideSolutionNode = FALSE
	EndGlobalSection
	GlobalSection(ExtensibilityGlobals) = postSolution
		SolutionGuid = {84005C2B-08EB-4D6E-8669-5D62D7E53FD7}
	EndGlobalSection
EndGlobal
